<?xml version="1.0" encoding="UTF-8" standalone="yes" ?>
<CodeBlocks_project_file>
	<FileVersion major="1" minor="6" />
	<Project>
		<Option title="game" />
		<Option pch_mode="2" />
		<Option compiler="gcc" />
		<Build>
			<Target title="Debug">
				<Option output="../bin/Debug/game" prefix_auto="1" extension_auto="1" />
				<Option working_dir=".." />
				<Option object_output="../obj/Debug/" />
				<Option type="1" />
				<Option compiler="gcc" />
				<Compiler>
					<Add option="-g" />
				</Compiler>
				<Linker>
					<Add library="sfml-audio-d" />
					<Add library="sfml-graphics-d" />
					<Add library="sfml-network-d" />
					<Add library="sfml-system-d" />
					<Add library="sfml-window-d" />
				</Linker>
			</Target>
			<Target title="Release">
				<Option output="../game" prefix_auto="1" extension_auto="1" />
				<Option working_dir=".." />
				<Option object_output="../obj/Release/" />
				<Option type="0" />
				<Option compiler="gcc" />
				<Compiler>
					<Add option="-O2" />
				</Compiler>
				<Linker>
					<Add option="-s" />
					<Add library="sfml-audio" />
					<Add library="sfml-graphics" />
					<Add library="sfml-network" />
					<Add library="sfml-system" />
					<Add library="sfml-window" />
				</Linker>
			</Target>
		</Build>
		<Compiler>
			<Add option="-w" />
			<Add option="-Wall" />
			<Add directory="include" />
			<Add directory="src" />
			<Add directory="../src" />
			<Add directory="../include" />
		</Compiler>
		<Linker>
			<Add directory="../lib" />
		</Linker>
		<Unit filename="../include/AutoTile.hpp" />
		<Unit filename="../include/Controllable.hpp" />
		<Unit filename="../include/Controls.hpp" />
		<Unit filename="../include/Entity.hpp" />
		<Unit filename="../include/Game.hpp" />
		<Unit filename="../include/GameMenu.hpp" />
		<Unit filename="../include/Human.hpp" />
		<Unit filename="../include/Mob.hpp" />
		<Unit filename="../include/Player.hpp" />
		<Unit filename="../include/PlayerHUD.hpp" />
		<Unit filename="../include/ResourceManager.hpp" />
		<Unit filename="../include/Settings.hpp" />
		<Unit filename="../include/Tile.hpp" />
		<Unit filename="../include/TileMap.hpp" />
		<Unit filename="../include/Tileset.hpp" />
		<Unit filename="../include/common.hpp" />
		<Unit filename="../include/rapidjson/document.h" />
		<Unit filename="../include/rapidjson/filestream.h" />
		<Unit filename="../include/rapidjson/internal/pow10.h" />
		<Unit filename="../include/rapidjson/internal/stack.h" />
		<Unit filename="../include/rapidjson/internal/strfunc.h" />
		<Unit filename="../include/rapidjson/prettywriter.h" />
		<Unit filename="../include/rapidjson/rapidjson.h" />
		<Unit filename="../include/rapidjson/reader.h" />
		<Unit filename="../include/rapidjson/stringbuffer.h" />
		<Unit filename="../include/rapidjson/writer.h" />
		<Unit filename="../src/AutoTile.cpp" />
		<Unit filename="../src/Controllable.cpp" />
		<Unit filename="../src/Controls.cpp" />
		<Unit filename="../src/Entity.cpp" />
		<Unit filename="../src/Game.cpp" />
		<Unit filename="../src/GameMenu.cpp" />
		<Unit filename="../src/Human.cpp" />
		<Unit filename="../src/Mob.cpp" />
		<Unit filename="../src/Player.cpp" />
		<Unit filename="../src/PlayerHUD.cpp" />
		<Unit filename="../src/ResourceManager.cpp" />
		<Unit filename="../src/Settings.cpp" />
		<Unit filename="../src/Tile.cpp" />
		<Unit filename="../src/TileMap.cpp" />
		<Unit filename="../src/Tileset.cpp" />
		<Unit filename="../src/main.cpp" />
		<Extensions>
			<code_completion />
			<debugger />
			<envvars />
		</Extensions>
	</Project>
</CodeBlocks_project_file>
